{
  "name": "markethub",
  "version": "1.0.0",
  "lockfileVersion": 3,
  "requires": true,
  "packages": {
    "": {
      "name": "markethub",
      "version": "1.0.0",
      "private": true,
      "workspaces": ["apps/*", "services/*", "packages/*"],
      "devDependencies": {
        "concurrently": "^8.2.2",
        "jest": "^29.7.0"
      }
    }
  }
}
